
Microsoft Visual Studio Solution File, Format Version 12.00
# Visual Studio Version 16
VisualStudioVersion = 25.0.1705.0
MinimumVisualStudioVersion = 10.0.40219.1
Project("{FAE04EC0-301F-11D3-BF4B-00C04F79EFBC}") = "Pertemuan_5", "Pertemuan_5\Pertemuan_5.csproj", "{D3963B87-064C-4EE0-9E45-61D5D56D29E7}"
EndProject
Global
	GlobalSection(SolutionConfigurationPlatforms) = preSolution
		Debug|Any CPU = Debug|Any CPU
		Release|Any CPU = Release|Any CPU
	EndGlobalSection
	GlobalSection(ProjectConfigurationPlatforms) = postSolution
		{D3963B87-064C-4EE0-9E45-61D5D56D29E7}.Debug|Any CPU.ActiveCfg = Debug|Any CPU
		{D3963B87-064C-4EE0-9E45-61D5D56D29E7}.Debug|Any CPU.Build.0 = Debug|Any CPU
		{D3963B87-064C-4EE0-9E45-61D5D56D29E7}.Release|Any CPU.ActiveCfg = Release|Any CPU
		{D3963B87-064C-4EE0-9E45-61D5D56D29E7}.Release|Any CPU.Build.0 = Release|Any CPU
	EndGlobalSection
	GlobalSection(SolutionProperties) = preSolution
		HideSolutionNode = FALSE
	EndGlobalSection
	GlobalSection(ExtensibilityGlobals) = postSolution
		SolutionGuid = {DFE12E15-3311-4177-A59B-B38D222F797D}
	EndGlobalSection
EndGlobal
